
Microsoft Visual Studio Solution File, Format Version 12.00
# Visual Studio Version 17
VisualStudioVersion = 17.8.34511.84
MinimumVisualStudioVersion = 10.0.40219.1
Project("{FAE04EC0-301F-11D3-BF4B-00C04F79EFBC}") = "Travel", "Travel\Travel.csproj", "{E8FA1F11-BFD6-45F5-9311-95FFEE1C356B}"
EndProject
Global
	GlobalSection(SolutionConfigurationPlatforms) = preSolution
		Debug|Any CPU = Debug|Any CPU
		Release|Any CPU = Release|Any CPU
	EndGlobalSection
	GlobalSection(ProjectConfigurationPlatforms) = postSolution
		{E8FA1F11-BFD6-45F5-9311-95FFEE1C356B}.Debug|Any CPU.ActiveCfg = Debug|Any CPU
		{E8FA1F11-BFD6-45F5-9311-95FFEE1C356B}.Debug|Any CPU.Build.0 = Debug|Any CPU
		{E8FA1F11-BFD6-45F5-9311-95FFEE1C356B}.Release|Any CPU.ActiveCfg = Release|Any CPU
		{E8FA1F11-BFD6-45F5-9311-95FFEE1C356B}.Release|Any CPU.Build.0 = Release|Any CPU
	EndGlobalSection
	GlobalSection(SolutionProperties) = preSolution
		HideSolutionNode = FALSE
	EndGlobalSection
	GlobalSection(ExtensibilityGlobals) = postSolution
		SolutionGuid = {6FEF0E15-D4BC-4332-8AB6-095A7DAE573F}
	EndGlobalSection
EndGlobal
